
Microsoft Visual Studio Solution File, Format Version 12.00
# Visual Studio 15
VisualStudioVersion = 15.0.33529.398
MinimumVisualStudioVersion = 10.0.40219.1
Project("{FAE04EC0-301F-11D3-BF4B-00C04F79EFBC}") = "ToDoList", "ToDoList\ToDoList.csproj", "{50F902C4-CBA4-4D00-822C-E4609EDA3BD7}"
EndProject
Global
	GlobalSection(SolutionConfigurationPlatforms) = preSolution
		Debug|Any CPU = Debug|Any CPU
		Release|Any CPU = Release|Any CPU
	EndGlobalSection
	GlobalSection(ProjectConfigurationPlatforms) = postSolution
		{50F902C4-CBA4-4D00-822C-E4609EDA3BD7}.Debug|Any CPU.ActiveCfg = Debug|Any CPU
		{50F902C4-CBA4-4D00-822C-E4609EDA3BD7}.Debug|Any CPU.Build.0 = Debug|Any CPU
		{50F902C4-CBA4-4D00-822C-E4609EDA3BD7}.Release|Any CPU.ActiveCfg = Release|Any CPU
		{50F902C4-CBA4-4D00-822C-E4609EDA3BD7}.Release|Any CPU.Build.0 = Release|Any CPU
	EndGlobalSection
	GlobalSection(SolutionProperties) = preSolution
		HideSolutionNode = FALSE
	EndGlobalSection
	GlobalSection(ExtensibilityGlobals) = postSolution
		SolutionGuid = {B67AB01D-9048-4EBC-A2E2-BB1F8D5CFC77}
	EndGlobalSection
EndGlobal
